{
  "requires": true,
  "lockfileVersion": 1,
  "dependencies": {
    "@types/jszip": {
      "version": "3.1.6",
      "resolved": "http://r.cnpmjs.org/@types/jszip/download/@types/jszip-3.1.6.tgz",
      "integrity": "sha1-BRJXSis18xlLQXacVuSzUGXmcAA=",
      "requires": {
        "@types/node": "*"
      }
    },
    "@types/localforage": {
      "version": "0.0.34",
      "resolved": "http://r.cnpmjs.org/@types/localforage/download/@types/localforage-0.0.34.tgz",
      "integrity": "sha1-XjHDLdh5HsS5/z70fJy1Wy0NlDg=",
      "requires": {
        "localforage": "*"
      }
    },
    "@types/node": {
      "version": "12.0.3",
      "resolved": "http://r.cnpmjs.org/@types/node/download/@types/node-12.0.3.tgz",
      "integrity": "sha1-XY0k4AM/xjk++tyFy1nB9jgJXJo="
    },
    "d": {
      "version": "1.0.0",
      "resolved": "http://r.cnpmjs.org/d/download/d-1.0.0.tgz",
      "integrity": "sha1-dUu1v+VUUdpppYuU1F9MWwRi1Y8=",
      "requires": {
        "es5-ext": "^0.10.9"
      }
    },
    "epubjs": {
      "version": "0.3.84",
      "resolved": "http://r.cnpmjs.org/epubjs/download/epubjs-0.3.84.tgz",
      "integrity": "sha1-x/NA30QsuZRInBspL8S6lNiGGg8=",
      "requires": {
        "@types/jszip": "^3.1.4",
        "@types/localforage": "0.0.34",
        "event-emitter": "^0.3.5",
        "jszip": "^3.1.5",
        "localforage": "^1.7.2",
        "lodash": "^4.17.10",
        "marks-pane": "^1.0.9",
        "path-webpack": "0.0.3",
        "stream-browserify": "^2.0.1",
        "url-polyfill": "^1.1.3",
        "xmldom": "^0.1.27"
      }
    },
    "es5-ext": {
      "version": "0.10.50",
      "resolved": "http://r.cnpmjs.org/es5-ext/download/es5-ext-0.10.50.tgz",
      "integrity": "sha1-bQ4joKvbJwGOWsT9CbQSvFUXp3g=",
      "requires": {
        "es6-iterator": "~2.0.3",
        "es6-symbol": "~3.1.1",
        "next-tick": "^1.0.0"
      }
    },
    "es6-iterator": {
      "version": "2.0.3",
      "resolved": "http://r.cnpmjs.org/es6-iterator/download/es6-iterator-2.0.3.tgz",
      "integrity": "sha1-p96IkUGgWpSwhUQDstCg+/qY87c=",
      "requires": {
        "d": "1",
        "es5-ext": "^0.10.35",
        "es6-symbol": "^3.1.1"
      }
    },
    "es6-symbol": {
      "version": "3.1.1",
      "resolved": "http://r.cnpmjs.org/es6-symbol/download/es6-symbol-3.1.1.tgz",
      "integrity": "sha1-vwDvT9q2uhtG7Le2KbTH7VcVzHc=",
      "requires": {
        "d": "1",
        "es5-ext": "~0.10.14"
      }
    },
    "event-emitter": {
      "version": "0.3.5",
      "resolved": "http://r.cnpmjs.org/event-emitter/download/event-emitter-0.3.5.tgz",
      "integrity": "sha1-34xp7vFkeSPHFXuc6DhAYQsCzDk=",
      "requires": {
        "d": "1",
        "es5-ext": "~0.10.14"
      }
    },
    "extsprintf": {
      "version": "1.4.0",
      "resolved": "https://registry.npm.taobao.org/extsprintf/download/extsprintf-1.4.0.tgz",
      "integrity": "sha512-6NW8DZ8pWBc5NbGYUiqqccj9dXnuSzilZYqprdKJBZsQodGH9IyUoFOGxIWVDcBzHMb8ET24aqx9p66tZEWZkA=="
    },
    "flyio": {
      "version": "0.6.14",
      "resolved": "https://registry.npm.taobao.org/flyio/download/flyio-0.6.14.tgz",
      "integrity": "sha512-RE2OXE1ZZmcXOKb0jCtGyquHDxpAqHg17CZ8lmQKRfl3x1kP+NBpaQDx4WgN7DNpLJjFnspTzTEQpwRGg6/xaA==",
      "requires": {
        "request": "^2.85.0"
      },
      "dependencies": {
        "ajv": {
          "version": "6.10.0",
          "resolved": "http://r.cnpmjs.org/ajv/download/ajv-6.10.0.tgz",
          "integrity": "sha1-kNDVRDnaWHzX6EO/twRfUL0ivfE=",
          "requires": {
            "fast-deep-equal": "^2.0.1",
            "fast-json-stable-stringify": "^2.0.0",
            "json-schema-traverse": "^0.4.1",
            "uri-js": "^4.2.2"
          }
        },
        "asn1": {
          "version": "0.2.4",
          "resolved": "http://r.cnpmjs.org/asn1/download/asn1-0.2.4.tgz",
          "integrity": "sha1-jSR136tVO7M+d7VOWeiAu4ziMTY=",
          "requires": {
            "safer-buffer": "~2.1.0"
          }
        },
        "assert-plus": {
          "version": "1.0.0",
          "resolved": "http://r.cnpmjs.org/assert-plus/download/assert-plus-1.0.0.tgz",
          "integrity": "sha1-8S4PPF13sLHN2RRpQuTpbB5N1SU="
        },
        "asynckit": {
          "version": "0.4.0",
          "resolved": "http://r.cnpmjs.org/asynckit/download/asynckit-0.4.0.tgz",
          "integrity": "sha1-x57Zf380y48robyXkLzDZkdLS3k="
        },
        "aws-sign2": {
          "version": "0.7.0",
          "resolved": "http://r.cnpmjs.org/aws-sign2/download/aws-sign2-0.7.0.tgz",
          "integrity": "sha1-tG6JCTSpWR8tL2+G1+ap8bP+dqg="
        },
        "aws4": {
          "version": "1.8.0",
          "resolved": "http://r.cnpmjs.org/aws4/download/aws4-1.8.0.tgz",
          "integrity": "sha1-8OAD2cqef1nHpQiUXXsu+aBKVC8="
        },
        "bcrypt-pbkdf": {
          "version": "1.0.2",
          "resolved": "http://r.cnpmjs.org/bcrypt-pbkdf/download/bcrypt-pbkdf-1.0.2.tgz",
          "integrity": "sha1-pDAdOJtqQ/m2f/PKEaP2Y342Dp4=",
          "requires": {
            "tweetnacl": "^0.14.3"
          }
        },
        "caseless": {
          "version": "0.12.0",
          "resolved": "http://r.cnpmjs.org/caseless/download/caseless-0.12.0.tgz",
          "integrity": "sha1-G2gcIf+EAzyCZUMJBolCDRhxUdw="
        },
        "combined-stream": {
          "version": "1.0.8",
          "resolved": "http://r.cnpmjs.org/combined-stream/download/combined-stream-1.0.8.tgz",
          "integrity": "sha1-w9RaizT9cwYxoRCoolIGgrMdWn8=",
          "requires": {
            "delayed-stream": "~1.0.0"
          }
        },
        "core-util-is": {
          "version": "1.0.2",
          "resolved": "http://r.cnpmjs.org/core-util-is/download/core-util-is-1.0.2.tgz",
          "integrity": "sha1-tf1UIgqivFq1eqtxQMlAdUUDwac="
        },
        "dashdash": {
          "version": "1.14.1",
          "resolved": "http://r.cnpmjs.org/dashdash/download/dashdash-1.14.1.tgz",
          "integrity": "sha1-hTz6D3y+L+1d4gMmuN1YEDX24vA=",
          "requires": {
            "assert-plus": "^1.0.0"
          }
        },
        "delayed-stream": {
          "version": "1.0.0",
          "resolved": "http://r.cnpmjs.org/delayed-stream/download/delayed-stream-1.0.0.tgz",
          "integrity": "sha1-3zrhmayt+31ECqrgsp4icrJOxhk="
        },
        "ecc-jsbn": {
          "version": "0.1.2",
          "resolved": "http://r.cnpmjs.org/ecc-jsbn/download/ecc-jsbn-0.1.2.tgz",
          "integrity": "sha1-OoOpBOVDUyh4dMVkt1SThoSamMk=",
          "requires": {
            "jsbn": "~0.1.0",
            "safer-buffer": "^2.1.0"
          }
        },
        "extend": {
          "version": "3.0.2",
          "resolved": "http://r.cnpmjs.org/extend/download/extend-3.0.2.tgz",
          "integrity": "sha1-+LETa0Bx+9jrFAr/hYsQGewpFfo="
        },
        "extsprintf": {
          "version": "1.3.0",
          "resolved": "http://r.cnpmjs.org/extsprintf/download/extsprintf-1.3.0.tgz",
          "integrity": "sha1-lpGEQOMEGnpBT4xS48V06zw+HgU="
        },
        "fast-deep-equal": {
          "version": "2.0.1",
          "resolved": "http://r.cnpmjs.org/fast-deep-equal/download/fast-deep-equal-2.0.1.tgz",
          "integrity": "sha1-ewUhjd+WZ79/Nwv3/bLLFf3Qqkk="
        },
        "fast-json-stable-stringify": {
          "version": "2.0.0",
          "resolved": "http://r.cnpmjs.org/fast-json-stable-stringify/download/fast-json-stable-stringify-2.0.0.tgz",
          "integrity": "sha1-1RQsDK7msRifh9OnYREGT4bIu/I="
        },
        "forever-agent": {
          "version": "0.6.1",
          "resolved": "http://r.cnpmjs.org/forever-agent/download/forever-agent-0.6.1.tgz",
          "integrity": "sha1-+8cfDEGt6zf5bFd60e1C2P2sypE="
        },
        "form-data": {
          "version": "2.3.3",
          "resolved": "http://r.cnpmjs.org/form-data/download/form-data-2.3.3.tgz",
          "integrity": "sha1-3M5SwF9kTymManq5Nr1yTO/786Y=",
          "requires": {
            "asynckit": "^0.4.0",
            "combined-stream": "^1.0.6",
            "mime-types": "^2.1.12"
          }
        },
        "getpass": {
          "version": "0.1.7",
          "resolved": "http://r.cnpmjs.org/getpass/download/getpass-0.1.7.tgz",
          "integrity": "sha1-Xv+OPmhNVprkyysSgmBOi6YhSfo=",
          "requires": {
            "assert-plus": "^1.0.0"
          }
        },
        "har-schema": {
          "version": "2.0.0",
          "resolved": "http://r.cnpmjs.org/har-schema/download/har-schema-2.0.0.tgz",
          "integrity": "sha1-qUwiJOvKwEeCoNkDVSHyRzW37JI="
        },
        "har-validator": {
          "version": "5.1.3",
          "resolved": "http://r.cnpmjs.org/har-validator/download/har-validator-5.1.3.tgz",
          "integrity": "sha1-HvievT5JllV2de7ZiTEQ3DUPoIA=",
          "requires": {
            "ajv": "^6.5.5",
            "har-schema": "^2.0.0"
          }
        },
        "http-signature": {
          "version": "1.2.0",
          "resolved": "http://r.cnpmjs.org/http-signature/download/http-signature-1.2.0.tgz",
          "integrity": "sha1-muzZJRFHcvPZW2WmCruPfBj7rOE=",
          "requires": {
            "assert-plus": "^1.0.0",
            "jsprim": "^1.2.2",
            "sshpk": "^1.7.0"
          }
        },
        "is-typedarray": {
          "version": "1.0.0",
          "resolved": "http://r.cnpmjs.org/is-typedarray/download/is-typedarray-1.0.0.tgz",
          "integrity": "sha1-5HnICFjfDBsR3dppQPlgEfzaSpo="
        },
        "isstream": {
          "version": "0.1.2",
          "resolved": "http://r.cnpmjs.org/isstream/download/isstream-0.1.2.tgz",
          "integrity": "sha1-R+Y/evVa+m+S4VAOaQ64uFKcCZo="
        },
        "jsbn": {
          "version": "0.1.1",
          "resolved": "http://r.cnpmjs.org/jsbn/download/jsbn-0.1.1.tgz",
          "integrity": "sha1-peZUwuWi3rXyAdls77yoDA7y9RM="
        },
        "json-schema": {
          "version": "0.2.3",
          "resolved": "http://r.cnpmjs.org/json-schema/download/json-schema-0.2.3.tgz",
          "integrity": "sha1-tIDIkuWaLwWVTOcnvT8qTogvnhM="
        },
        "json-schema-traverse": {
          "version": "0.4.1",
          "resolved": "http://r.cnpmjs.org/json-schema-traverse/download/json-schema-traverse-0.4.1.tgz",
          "integrity": "sha1-afaofZUTq4u4/mO9sJecRI5oRmA="
        },
        "json-stringify-safe": {
          "version": "5.0.1",
          "resolved": "http://r.cnpmjs.org/json-stringify-safe/download/json-stringify-safe-5.0.1.tgz",
          "integrity": "sha1-Epai1Y/UXxmg9s4B1lcB4sc1tus="
        },
        "jsprim": {
          "version": "1.4.1",
          "resolved": "http://r.cnpmjs.org/jsprim/download/jsprim-1.4.1.tgz",
          "integrity": "sha1-MT5mvB5cwG5Di8G3SZwuXFastqI=",
          "requires": {
            "assert-plus": "1.0.0",
            "extsprintf": "1.3.0",
            "json-schema": "0.2.3",
            "verror": "1.10.0"
          }
        },
        "mime-db": {
          "version": "1.40.0",
          "resolved": "http://r.cnpmjs.org/mime-db/download/mime-db-1.40.0.tgz",
          "integrity": "sha1-plBX6ZjbCQ9zKmj2wnbTh9QSbDI="
        },
        "mime-types": {
          "version": "2.1.24",
          "resolved": "http://r.cnpmjs.org/mime-types/download/mime-types-2.1.24.tgz",
          "integrity": "sha1-tvjQs+lR77d97eyhlM/20W9nb4E=",
          "requires": {
            "mime-db": "1.40.0"
          }
        },
        "oauth-sign": {
          "version": "0.9.0",
          "resolved": "http://r.cnpmjs.org/oauth-sign/download/oauth-sign-0.9.0.tgz",
          "integrity": "sha1-R6ewFrqmi1+g7PPe4IqFxnmsZFU="
        },
        "performance-now": {
          "version": "2.1.0",
          "resolved": "http://r.cnpmjs.org/performance-now/download/performance-now-2.1.0.tgz",
          "integrity": "sha1-Ywn04OX6kT7BxpMHrjZLSzd8nns="
        },
        "psl": {
          "version": "1.1.31",
          "resolved": "http://r.cnpmjs.org/psl/download/psl-1.1.31.tgz",
          "integrity": "sha1-6aqG0BAbWxBcvpOsa3hM1UcnYYQ="
        },
        "punycode": {
          "version": "2.1.1",
          "resolved": "http://r.cnpmjs.org/punycode/download/punycode-2.1.1.tgz",
          "integrity": "sha1-tYsBCsQMIsVldhbI0sLALHv0eew="
        },
        "qs": {
          "version": "6.5.2",
          "resolved": "http://r.cnpmjs.org/qs/download/qs-6.5.2.tgz",
          "integrity": "sha1-yzroBuh0BERYTvFUzo7pjUA/PjY="
        },
        "request": {
          "version": "2.88.0",
          "resolved": "http://r.cnpmjs.org/request/download/request-2.88.0.tgz",
          "integrity": "sha1-nC/KT301tZLv5Xx/ClXoEFIST+8=",
          "requires": {
            "aws-sign2": "~0.7.0",
            "aws4": "^1.8.0",
            "caseless": "~0.12.0",
            "combined-stream": "~1.0.6",
            "extend": "~3.0.2",
            "forever-agent": "~0.6.1",
            "form-data": "~2.3.2",
            "har-validator": "~5.1.0",
            "http-signature": "~1.2.0",
            "is-typedarray": "~1.0.0",
            "isstream": "~0.1.2",
            "json-stringify-safe": "~5.0.1",
            "mime-types": "~2.1.19",
            "oauth-sign": "~0.9.0",
            "performance-now": "^2.1.0",
            "qs": "~6.5.2",
            "safe-buffer": "^5.1.2",
            "tough-cookie": "~2.4.3",
            "tunnel-agent": "^0.6.0",
            "uuid": "^3.3.2"
          }
        },
        "safe-buffer": {
          "version": "5.1.2",
          "resolved": "http://r.cnpmjs.org/safe-buffer/download/safe-buffer-5.1.2.tgz",
          "integrity": "sha1-mR7GnSluAxN0fVm9/St0XDX4go0="
        },
        "safer-buffer": {
          "version": "2.1.2",
          "resolved": "http://r.cnpmjs.org/safer-buffer/download/safer-buffer-2.1.2.tgz",
          "integrity": "sha1-RPoWGwGHuVSd2Eu5GAL5vYOFzWo="
        },
        "sshpk": {
          "version": "1.16.1",
          "resolved": "http://r.cnpmjs.org/sshpk/download/sshpk-1.16.1.tgz",
          "integrity": "sha1-+2YcC+8ps520B2nuOfpwCT1vaHc=",
          "requires": {
            "asn1": "~0.2.3",
            "assert-plus": "^1.0.0",
            "bcrypt-pbkdf": "^1.0.0",
            "dashdash": "^1.12.0",
            "ecc-jsbn": "~0.1.1",
            "getpass": "^0.1.1",
            "jsbn": "~0.1.0",
            "safer-buffer": "^2.0.2",
            "tweetnacl": "~0.14.0"
          }
        },
        "tough-cookie": {
          "version": "2.4.3",
          "resolved": "http://r.cnpmjs.org/tough-cookie/download/tough-cookie-2.4.3.tgz",
          "integrity": "sha1-U/Nto/R3g7CSWvoG/587FlKA94E=",
          "requires": {
            "psl": "^1.1.24",
            "punycode": "^1.4.1"
          },
          "dependencies": {
            "punycode": {
              "version": "1.4.1",
              "resolved": "http://r.cnpmjs.org/punycode/download/punycode-1.4.1.tgz",
              "integrity": "sha1-wNWmOycYgArY4esPpSachN1BhF4="
            }
          }
        },
        "tunnel-agent": {
          "version": "0.6.0",
          "resolved": "http://r.cnpmjs.org/tunnel-agent/download/tunnel-agent-0.6.0.tgz",
          "integrity": "sha1-J6XeoGs2sEoKmWZ3SykIaPD8QP0=",
          "requires": {
            "safe-buffer": "^5.0.1"
          }
        },
        "tweetnacl": {
          "version": "0.14.5",
          "resolved": "http://r.cnpmjs.org/tweetnacl/download/tweetnacl-0.14.5.tgz",
          "integrity": "sha1-WuaBd/GS1EViadEIr6k/+HQ/T2Q="
        },
        "uri-js": {
          "version": "4.2.2",
          "resolved": "http://r.cnpmjs.org/uri-js/download/uri-js-4.2.2.tgz",
          "integrity": "sha1-lMVA4f93KVbiKZUHwBCupsiDjrA=",
          "requires": {
            "punycode": "^2.1.0"
          }
        },
        "uuid": {
          "version": "3.3.2",
          "resolved": "http://r.cnpmjs.org/uuid/download/uuid-3.3.2.tgz",
          "integrity": "sha1-G0r0lV6zB3xQHCOHL8ZROBFYcTE="
        },
        "verror": {
          "version": "1.10.0",
          "resolved": "http://r.cnpmjs.org/verror/download/verror-1.10.0.tgz",
          "integrity": "sha1-OhBcoXBTr1XW4nDB+CiGguGNpAA=",
          "requires": {
            "assert-plus": "^1.0.0",
            "core-util-is": "1.0.2",
            "extsprintf": "^1.2.0"
          }
        }
      }
    },
    "immediate": {
      "version": "3.0.6",
      "resolved": "http://r.cnpmjs.org/immediate/download/immediate-3.0.6.tgz",
      "integrity": "sha1-nbHb0Pr43m++D13V5Wu2BigN5ps="
    },
    "inherits": {
      "version": "2.0.3",
      "resolved": "http://r.cnpmjs.org/inherits/download/inherits-2.0.3.tgz",
      "integrity": "sha1-Yzwsg+PaQqUC9SRmAiSA9CCCYd4="
    },
    "isarray": {
      "version": "1.0.0",
      "resolved": "http://r.cnpmjs.org/isarray/download/isarray-1.0.0.tgz",
      "integrity": "sha1-u5NdSFgsuhaMBoNJV6VKPgcSTxE="
    },
    "jszip": {
      "version": "3.2.1",
      "resolved": "http://r.cnpmjs.org/jszip/download/jszip-3.2.1.tgz",
      "integrity": "sha1-xdMt9ydAQigrFX77FuUitDQ14Bo=",
      "requires": {
        "lie": "~3.3.0",
        "pako": "~1.0.2",
        "readable-stream": "~2.3.6",
        "set-immediate-shim": "~1.0.1"
      },
      "dependencies": {
        "lie": {
          "version": "3.3.0",
          "resolved": "http://r.cnpmjs.org/lie/download/lie-3.3.0.tgz",
          "integrity": "sha1-3Pgt7lRfRgdNryAMfBxaCOD0D2o=",
          "requires": {
            "immediate": "~3.0.5"
          }
        }
      }
    },
    "lie": {
      "version": "3.1.1",
      "resolved": "http://r.cnpmjs.org/lie/download/lie-3.1.1.tgz",
      "integrity": "sha1-mkNrLMd0bKWd56QfpGmz77dr2H4=",
      "requires": {
        "immediate": "~3.0.5"
      }
    },
    "localforage": {
      "version": "1.7.3",
      "resolved": "http://r.cnpmjs.org/localforage/download/localforage-1.7.3.tgz",
      "integrity": "sha1-AIKzypc0Z54b1TSZW907JM8Q8gQ=",
      "requires": {
        "lie": "3.1.1"
      }
    },
    "lodash": {
      "version": "4.17.11",
      "resolved": "http://r.cnpmjs.org/lodash/download/lodash-4.17.11.tgz",
      "integrity": "sha1-s56mIp72B+zYniyN8SU2iRysm40="
    },
    "marks-pane": {
      "version": "1.0.9",
      "resolved": "http://r.cnpmjs.org/marks-pane/download/marks-pane-1.0.9.tgz",
      "integrity": "sha1-wLWrgTOE2M2B+q6zu/M5fcgJwbM="
    },
    "next-tick": {
      "version": "1.0.0",
      "resolved": "http://r.cnpmjs.org/next-tick/download/next-tick-1.0.0.tgz",
      "integrity": "sha1-yobR/ogoFpsBICCOPchCS524NCw="
    },
    "pako": {
      "version": "1.0.10",
      "resolved": "http://r.cnpmjs.org/pako/download/pako-1.0.10.tgz",
      "integrity": "sha1-Qyi621CGpCaqkPVBl31JVdpclzI="
    },
    "path-webpack": {
      "version": "0.0.3",
      "resolved": "http://r.cnpmjs.org/path-webpack/download/path-webpack-0.0.3.tgz",
      "integrity": "sha1-/23sdJ7sWpRgXATV9j/FVgegOhY="
    },
    "process-nextick-args": {
      "version": "2.0.0",
      "resolved": "http://r.cnpmjs.org/process-nextick-args/download/process-nextick-args-2.0.0.tgz",
      "integrity": "sha1-o31zL0JxtKsa0HDTVQjoKQeI/6o="
    },
    "punycode": {
      "version": "1.4.1",
      "resolved": "https://registry.npm.taobao.org/punycode/download/punycode-1.4.1.tgz",
      "integrity": "sha512-jmYNElW7yvO7TV33CjSmvSiE2yco3bV2czu/OzDKdMNVZQWfxCblURLhf+47syQRBntjfLdd/H0egrzIG+oaFQ=="
    },
    "readable-stream": {
      "version": "2.3.6",
      "resolved": "http://r.cnpmjs.org/readable-stream/download/readable-stream-2.3.6.tgz",
      "integrity": "sha1-sRwn2IuP8fvgcGQ8+UsMea4bCq8=",
      "requires": {
        "core-util-is": "~1.0.0",
        "inherits": "~2.0.3",
        "isarray": "~1.0.0",
        "process-nextick-args": "~2.0.0",
        "safe-buffer": "~5.1.1",
        "string_decoder": "~1.1.1",
        "util-deprecate": "~1.0.1"
      },
      "dependencies": {
        "core-util-is": {
          "version": "1.0.2",
          "resolved": "http://r.cnpmjs.org/core-util-is/download/core-util-is-1.0.2.tgz",
          "integrity": "sha1-tf1UIgqivFq1eqtxQMlAdUUDwac="
        },
        "safe-buffer": {
          "version": "5.1.2",
          "resolved": "http://r.cnpmjs.org/safe-buffer/download/safe-buffer-5.1.2.tgz",
          "integrity": "sha1-mR7GnSluAxN0fVm9/St0XDX4go0="
        }
      }
    },
    "request": {
      "version": "2.88.0",
      "resolved": "https://registry.npm.taobao.org/request/download/request-2.88.0.tgz",
      "integrity": "sha512-NAqBSrijGLZdM0WZNsInLJpkJokL72XYjUpnB0iwsRgxh7dB6COrHnTBNwN0E+lHDAJzu7kLAkDeY08z2/A0hg==",
      "requires": {
        "aws-sign2": "~0.7.0",
        "aws4": "^1.8.0",
        "caseless": "~0.12.0",
        "combined-stream": "~1.0.6",
        "extend": "~3.0.2",
        "forever-agent": "~0.6.1",
        "form-data": "~2.3.2",
        "har-validator": "~5.1.0",
        "http-signature": "~1.2.0",
        "is-typedarray": "~1.0.0",
        "isstream": "~0.1.2",
        "json-stringify-safe": "~5.0.1",
        "mime-types": "~2.1.19",
        "oauth-sign": "~0.9.0",
        "performance-now": "^2.1.0",
        "qs": "~6.5.2",
        "safe-buffer": "^5.1.2",
        "tough-cookie": "~2.4.3",
        "tunnel-agent": "^0.6.0",
        "uuid": "^3.3.2"
      },
      "dependencies": {
        "ajv": {
          "version": "6.10.0",
          "resolved": "http://r.cnpmjs.org/ajv/download/ajv-6.10.0.tgz",
          "integrity": "sha1-kNDVRDnaWHzX6EO/twRfUL0ivfE=",
          "requires": {
            "fast-deep-equal": "^2.0.1",
            "fast-json-stable-stringify": "^2.0.0",
            "json-schema-traverse": "^0.4.1",
            "uri-js": "^4.2.2"
          }
        },
        "asn1": {
          "version": "0.2.4",
          "resolved": "http://r.cnpmjs.org/asn1/download/asn1-0.2.4.tgz",
          "integrity": "sha1-jSR136tVO7M+d7VOWeiAu4ziMTY=",
          "requires": {
            "safer-buffer": "~2.1.0"
          }
        },
        "assert-plus": {
          "version": "1.0.0",
          "resolved": "http://r.cnpmjs.org/assert-plus/download/assert-plus-1.0.0.tgz",
          "integrity": "sha1-8S4PPF13sLHN2RRpQuTpbB5N1SU="
        },
        "asynckit": {
          "version": "0.4.0",
          "resolved": "http://r.cnpmjs.org/asynckit/download/asynckit-0.4.0.tgz",
          "integrity": "sha1-x57Zf380y48robyXkLzDZkdLS3k="
        },
        "aws-sign2": {
          "version": "0.7.0",
          "resolved": "http://r.cnpmjs.org/aws-sign2/download/aws-sign2-0.7.0.tgz",
          "integrity": "sha1-tG6JCTSpWR8tL2+G1+ap8bP+dqg="
        },
        "aws4": {
          "version": "1.8.0",
          "resolved": "http://r.cnpmjs.org/aws4/download/aws4-1.8.0.tgz",
          "integrity": "sha1-8OAD2cqef1nHpQiUXXsu+aBKVC8="
        },
        "bcrypt-pbkdf": {
          "version": "1.0.2",
          "resolved": "http://r.cnpmjs.org/bcrypt-pbkdf/download/bcrypt-pbkdf-1.0.2.tgz",
          "integrity": "sha1-pDAdOJtqQ/m2f/PKEaP2Y342Dp4=",
          "requires": {
            "tweetnacl": "^0.14.3"
          }
        },
        "caseless": {
          "version": "0.12.0",
          "resolved": "http://r.cnpmjs.org/caseless/download/caseless-0.12.0.tgz",
          "integrity": "sha1-G2gcIf+EAzyCZUMJBolCDRhxUdw="
        },
        "combined-stream": {
          "version": "1.0.8",
          "resolved": "http://r.cnpmjs.org/combined-stream/download/combined-stream-1.0.8.tgz",
          "integrity": "sha1-w9RaizT9cwYxoRCoolIGgrMdWn8=",
          "requires": {
            "delayed-stream": "~1.0.0"
          }
        },
        "core-util-is": {
          "version": "1.0.2",
          "resolved": "http://r.cnpmjs.org/core-util-is/download/core-util-is-1.0.2.tgz",
          "integrity": "sha1-tf1UIgqivFq1eqtxQMlAdUUDwac="
        },
        "dashdash": {
          "version": "1.14.1",
          "resolved": "http://r.cnpmjs.org/dashdash/download/dashdash-1.14.1.tgz",
          "integrity": "sha1-hTz6D3y+L+1d4gMmuN1YEDX24vA=",
          "requires": {
            "assert-plus": "^1.0.0"
          }
        },
        "delayed-stream": {
          "version": "1.0.0",
          "resolved": "http://r.cnpmjs.org/delayed-stream/download/delayed-stream-1.0.0.tgz",
          "integrity": "sha1-3zrhmayt+31ECqrgsp4icrJOxhk="
        },
        "ecc-jsbn": {
          "version": "0.1.2",
          "resolved": "http://r.cnpmjs.org/ecc-jsbn/download/ecc-jsbn-0.1.2.tgz",
          "integrity": "sha1-OoOpBOVDUyh4dMVkt1SThoSamMk=",
          "requires": {
            "jsbn": "~0.1.0",
            "safer-buffer": "^2.1.0"
          }
        },
        "extend": {
          "version": "3.0.2",
          "resolved": "http://r.cnpmjs.org/extend/download/extend-3.0.2.tgz",
          "integrity": "sha1-+LETa0Bx+9jrFAr/hYsQGewpFfo="
        },
        "extsprintf": {
          "version": "1.3.0",
          "resolved": "http://r.cnpmjs.org/extsprintf/download/extsprintf-1.3.0.tgz",
          "integrity": "sha1-lpGEQOMEGnpBT4xS48V06zw+HgU="
        },
        "fast-deep-equal": {
          "version": "2.0.1",
          "resolved": "http://r.cnpmjs.org/fast-deep-equal/download/fast-deep-equal-2.0.1.tgz",
          "integrity": "sha1-ewUhjd+WZ79/Nwv3/bLLFf3Qqkk="
        },
        "fast-json-stable-stringify": {
          "version": "2.0.0",
          "resolved": "http://r.cnpmjs.org/fast-json-stable-stringify/download/fast-json-stable-stringify-2.0.0.tgz",
          "integrity": "sha1-1RQsDK7msRifh9OnYREGT4bIu/I="
        },
        "forever-agent": {
          "version": "0.6.1",
          "resolved": "http://r.cnpmjs.org/forever-agent/download/forever-agent-0.6.1.tgz",
          "integrity": "sha1-+8cfDEGt6zf5bFd60e1C2P2sypE="
        },
        "form-data": {
          "version": "2.3.3",
          "resolved": "http://r.cnpmjs.org/form-data/download/form-data-2.3.3.tgz",
          "integrity": "sha1-3M5SwF9kTymManq5Nr1yTO/786Y=",
          "requires": {
            "asynckit": "^0.4.0",
            "combined-stream": "^1.0.6",
            "mime-types": "^2.1.12"
          }
        },
        "getpass": {
          "version": "0.1.7",
          "resolved": "http://r.cnpmjs.org/getpass/download/getpass-0.1.7.tgz",
          "integrity": "sha1-Xv+OPmhNVprkyysSgmBOi6YhSfo=",
          "requires": {
            "assert-plus": "^1.0.0"
          }
        },
        "har-schema": {
          "version": "2.0.0",
          "resolved": "http://r.cnpmjs.org/har-schema/download/har-schema-2.0.0.tgz",
          "integrity": "sha1-qUwiJOvKwEeCoNkDVSHyRzW37JI="
        },
        "har-validator": {
          "version": "5.1.3",
          "resolved": "http://r.cnpmjs.org/har-validator/download/har-validator-5.1.3.tgz",
          "integrity": "sha1-HvievT5JllV2de7ZiTEQ3DUPoIA=",
          "requires": {
            "ajv": "^6.5.5",
            "har-schema": "^2.0.0"
          }
        },
        "http-signature": {
          "version": "1.2.0",
          "resolved": "http://r.cnpmjs.org/http-signature/download/http-signature-1.2.0.tgz",
          "integrity": "sha1-muzZJRFHcvPZW2WmCruPfBj7rOE=",
          "requires": {
            "assert-plus": "^1.0.0",
            "jsprim": "^1.2.2",
            "sshpk": "^1.7.0"
          }
        },
        "is-typedarray": {
          "version": "1.0.0",
          "resolved": "http://r.cnpmjs.org/is-typedarray/download/is-typedarray-1.0.0.tgz",
          "integrity": "sha1-5HnICFjfDBsR3dppQPlgEfzaSpo="
        },
        "isstream": {
          "version": "0.1.2",
          "resolved": "http://r.cnpmjs.org/isstream/download/isstream-0.1.2.tgz",
          "integrity": "sha1-R+Y/evVa+m+S4VAOaQ64uFKcCZo="
        },
        "jsbn": {
          "version": "0.1.1",
          "resolved": "http://r.cnpmjs.org/jsbn/download/jsbn-0.1.1.tgz",
          "integrity": "sha1-peZUwuWi3rXyAdls77yoDA7y9RM="
        },
        "json-schema": {
          "version": "0.2.3",
          "resolved": "http://r.cnpmjs.org/json-schema/download/json-schema-0.2.3.tgz",
          "integrity": "sha1-tIDIkuWaLwWVTOcnvT8qTogvnhM="
        },
        "json-schema-traverse": {
          "version": "0.4.1",
          "resolved": "http://r.cnpmjs.org/json-schema-traverse/download/json-schema-traverse-0.4.1.tgz",
          "integrity": "sha1-afaofZUTq4u4/mO9sJecRI5oRmA="
        },
        "json-stringify-safe": {
          "version": "5.0.1",
          "resolved": "http://r.cnpmjs.org/json-stringify-safe/download/json-stringify-safe-5.0.1.tgz",
          "integrity": "sha1-Epai1Y/UXxmg9s4B1lcB4sc1tus="
        },
        "jsprim": {
          "version": "1.4.1",
          "resolved": "http://r.cnpmjs.org/jsprim/download/jsprim-1.4.1.tgz",
          "integrity": "sha1-MT5mvB5cwG5Di8G3SZwuXFastqI=",
          "requires": {
            "assert-plus": "1.0.0",
            "extsprintf": "1.3.0",
            "json-schema": "0.2.3",
            "verror": "1.10.0"
          }
        },
        "mime-db": {
          "version": "1.40.0",
          "resolved": "http://r.cnpmjs.org/mime-db/download/mime-db-1.40.0.tgz",
          "integrity": "sha1-plBX6ZjbCQ9zKmj2wnbTh9QSbDI="
        },
        "mime-types": {
          "version": "2.1.24",
          "resolved": "http://r.cnpmjs.org/mime-types/download/mime-types-2.1.24.tgz",
          "integrity": "sha1-tvjQs+lR77d97eyhlM/20W9nb4E=",
          "requires": {
            "mime-db": "1.40.0"
          }
        },
        "oauth-sign": {
          "version": "0.9.0",
          "resolved": "http://r.cnpmjs.org/oauth-sign/download/oauth-sign-0.9.0.tgz",
          "integrity": "sha1-R6ewFrqmi1+g7PPe4IqFxnmsZFU="
        },
        "performance-now": {
          "version": "2.1.0",
          "resolved": "http://r.cnpmjs.org/performance-now/download/performance-now-2.1.0.tgz",
          "integrity": "sha1-Ywn04OX6kT7BxpMHrjZLSzd8nns="
        },
        "psl": {
          "version": "1.1.32",
          "resolved": "http://r.cnpmjs.org/psl/download/psl-1.1.32.tgz",
          "integrity": "sha1-PxMnF88vnBaXJLK2yvNzz2lBmNs="
        },
        "punycode": {
          "version": "2.1.1",
          "resolved": "http://r.cnpmjs.org/punycode/download/punycode-2.1.1.tgz",
          "integrity": "sha1-tYsBCsQMIsVldhbI0sLALHv0eew="
        },
        "qs": {
          "version": "6.5.2",
          "resolved": "http://r.cnpmjs.org/qs/download/qs-6.5.2.tgz",
          "integrity": "sha1-yzroBuh0BERYTvFUzo7pjUA/PjY="
        },
        "safe-buffer": {
          "version": "5.1.2",
          "resolved": "http://r.cnpmjs.org/safe-buffer/download/safe-buffer-5.1.2.tgz",
          "integrity": "sha1-mR7GnSluAxN0fVm9/St0XDX4go0="
        },
        "safer-buffer": {
          "version": "2.1.2",
          "resolved": "http://r.cnpmjs.org/safer-buffer/download/safer-buffer-2.1.2.tgz",
          "integrity": "sha1-RPoWGwGHuVSd2Eu5GAL5vYOFzWo="
        },
        "sshpk": {
          "version": "1.16.1",
          "resolved": "http://r.cnpmjs.org/sshpk/download/sshpk-1.16.1.tgz",
          "integrity": "sha1-+2YcC+8ps520B2nuOfpwCT1vaHc=",
          "requires": {
            "asn1": "~0.2.3",
            "assert-plus": "^1.0.0",
            "bcrypt-pbkdf": "^1.0.0",
            "dashdash": "^1.12.0",
            "ecc-jsbn": "~0.1.1",
            "getpass": "^0.1.1",
            "jsbn": "~0.1.0",
            "safer-buffer": "^2.0.2",
            "tweetnacl": "~0.14.0"
          }
        },
        "tough-cookie": {
          "version": "2.4.3",
          "resolved": "http://r.cnpmjs.org/tough-cookie/download/tough-cookie-2.4.3.tgz",
          "integrity": "sha1-U/Nto/R3g7CSWvoG/587FlKA94E=",
          "requires": {
            "psl": "^1.1.24",
            "punycode": "^1.4.1"
          },
          "dependencies": {
            "punycode": {
              "version": "1.4.1",
              "resolved": "http://r.cnpmjs.org/punycode/download/punycode-1.4.1.tgz",
              "integrity": "sha1-wNWmOycYgArY4esPpSachN1BhF4="
            }
          }
        },
        "tunnel-agent": {
          "version": "0.6.0",
          "resolved": "http://r.cnpmjs.org/tunnel-agent/download/tunnel-agent-0.6.0.tgz",
          "integrity": "sha1-J6XeoGs2sEoKmWZ3SykIaPD8QP0=",
          "requires": {
            "safe-buffer": "^5.0.1"
          }
        },
        "tweetnacl": {
          "version": "0.14.5",
          "resolved": "http://r.cnpmjs.org/tweetnacl/download/tweetnacl-0.14.5.tgz",
          "integrity": "sha1-WuaBd/GS1EViadEIr6k/+HQ/T2Q="
        },
        "uri-js": {
          "version": "4.2.2",
          "resolved": "http://r.cnpmjs.org/uri-js/download/uri-js-4.2.2.tgz",
          "integrity": "sha1-lMVA4f93KVbiKZUHwBCupsiDjrA=",
          "requires": {
            "punycode": "^2.1.0"
          }
        },
        "uuid": {
          "version": "3.3.2",
          "resolved": "http://r.cnpmjs.org/uuid/download/uuid-3.3.2.tgz",
          "integrity": "sha1-G0r0lV6zB3xQHCOHL8ZROBFYcTE="
        },
        "verror": {
          "version": "1.10.0",
          "resolved": "http://r.cnpmjs.org/verror/download/verror-1.10.0.tgz",
          "integrity": "sha1-OhBcoXBTr1XW4nDB+CiGguGNpAA=",
          "requires": {
            "assert-plus": "^1.0.0",
            "core-util-is": "1.0.2",
            "extsprintf": "^1.2.0"
          }
        }
      }
    },
    "set-immediate-shim": {
      "version": "1.0.1",
      "resolved": "http://r.cnpmjs.org/set-immediate-shim/download/set-immediate-shim-1.0.1.tgz",
      "integrity": "sha1-SysbJ+uAip+NzEgaWOXlb1mfP2E="
    },
    "stream-browserify": {
      "version": "2.0.2",
      "resolved": "http://r.cnpmjs.org/stream-browserify/download/stream-browserify-2.0.2.tgz",
      "integrity": "sha1-h1IdOKRKp+6RzhzSpH3wy0ndZgs=",
      "requires": {
        "inherits": "~2.0.1",
        "readable-stream": "^2.0.2"
      }
    },
    "string_decoder": {
      "version": "1.1.1",
      "resolved": "http://r.cnpmjs.org/string_decoder/download/string_decoder-1.1.1.tgz",
      "integrity": "sha1-nPFhG6YmhdcDCunkujQUnDrwP8g=",
      "requires": {
        "safe-buffer": "~5.1.0"
      },
      "dependencies": {
        "safe-buffer": {
          "version": "5.1.2",
          "resolved": "http://r.cnpmjs.org/safe-buffer/download/safe-buffer-5.1.2.tgz",
          "integrity": "sha1-mR7GnSluAxN0fVm9/St0XDX4go0="
        }
      }
    },
    "url-polyfill": {
      "version": "1.1.5",
      "resolved": "http://r.cnpmjs.org/url-polyfill/download/url-polyfill-1.1.5.tgz",
      "integrity": "sha1-vsebcrVAfbptjM7S4y5KsnOqn7E="
    },
    "util-deprecate": {
      "version": "1.0.2",
      "resolved": "http://r.cnpmjs.org/util-deprecate/download/util-deprecate-1.0.2.tgz",
      "integrity": "sha1-RQ1Nyfpw3nMnYvvS1KKJgUGaDM8="
    },
    "vue": {
      "version": "2.6.10",
      "resolved": "https://registry.npm.taobao.org/vue/download/vue-2.6.10.tgz",
      "integrity": "sha512-ImThpeNU9HbdZL3utgMCq0oiMzAkt1mcgy3/E6zWC/G6AaQoeuFdsl9nDhTDU3X1R6FK7nsIUuRACVcjI+A2GQ=="
    },
    "vuex": {
      "version": "3.1.1",
      "resolved": "https://registry.npm.taobao.org/vuex/download/vuex-3.1.1.tgz",
      "integrity": "sha512-ER5moSbLZuNSMBFnEBVGhQ1uCBNJslH9W/Dw2W7GZN23UQA69uapP5GTT9Vm8Trc0PzBSVt6LzF3hGjmv41xcg=="
    },
    "xmldom": {
      "version": "0.1.27",
      "resolved": "http://r.cnpmjs.org/xmldom/download/xmldom-0.1.27.tgz",
      "integrity": "sha1-1QH5ezvbQDr4757MIFcxh6rawOk="
    }
  }
}
